
Microsoft Visual Studio Solution File, Format Version 12.00
# Visual Studio 15
VisualStudioVersion = 15.0.28307.572
MinimumVisualStudioVersion = 10.0.40219.1
Project("{FAE04EC0-301F-11D3-BF4B-00C04F79EFBC}") = "CommunityWebApi", "CommunityWebApi\CommunityWebApi.csproj", "{952DDFE7-148C-484B-9BDB-E582C1CFDF1C}"
EndProject
Global
	GlobalSection(SolutionConfigurationPlatforms) = preSolution
		Debug|Any CPU = Debug|Any CPU
		Release|Any CPU = Release|Any CPU
	EndGlobalSection
	GlobalSection(ProjectConfigurationPlatforms) = postSolution
		{952DDFE7-148C-484B-9BDB-E582C1CFDF1C}.Debug|Any CPU.ActiveCfg = Debug|Any CPU
		{952DDFE7-148C-484B-9BDB-E582C1CFDF1C}.Debug|Any CPU.Build.0 = Debug|Any CPU
		{952DDFE7-148C-484B-9BDB-E582C1CFDF1C}.Release|Any CPU.ActiveCfg = Release|Any CPU
		{952DDFE7-148C-484B-9BDB-E582C1CFDF1C}.Release|Any CPU.Build.0 = Release|Any CPU
	EndGlobalSection
	GlobalSection(SolutionProperties) = preSolution
		HideSolutionNode = FALSE
	EndGlobalSection
	GlobalSection(ExtensibilityGlobals) = postSolution
		SolutionGuid = {D9E8544C-9035-4385-9914-48AC9A089A52}
	EndGlobalSection
EndGlobal
